
Microsoft Visual Studio Solution File, Format Version 12.00
Project("{FAE04EC0-301F-11D3-BF4B-00C04F79EFBC}") = "SpotOn.Litium.EntityTextOption", "SpotOn.Litium.EntityTextOption\SpotOn.Litium.EntityTextOption.csproj", "{6A629219-B7EC-43C1-A52D-B89F9D8F52C0}"
EndProject
Project("{FAE04EC0-301F-11D3-BF4B-00C04F79EFBC}") = "EntityTextOptionTests", "EntityTextOptionTests\EntityTextOptionTests.csproj", "{6344B5BE-90D1-4CEF-8711-B1E20DB4843C}"
EndProject
Global
	GlobalSection(SolutionConfigurationPlatforms) = preSolution
		Debug|Any CPU = Debug|Any CPU
		Release|Any CPU = Release|Any CPU
	EndGlobalSection
	GlobalSection(ProjectConfigurationPlatforms) = postSolution
		{6A629219-B7EC-43C1-A52D-B89F9D8F52C0}.Debug|Any CPU.ActiveCfg = Debug|Any CPU
		{6A629219-B7EC-43C1-A52D-B89F9D8F52C0}.Debug|Any CPU.Build.0 = Debug|Any CPU
		{6A629219-B7EC-43C1-A52D-B89F9D8F52C0}.Release|Any CPU.ActiveCfg = Release|Any CPU
		{6A629219-B7EC-43C1-A52D-B89F9D8F52C0}.Release|Any CPU.Build.0 = Release|Any CPU
		{6344B5BE-90D1-4CEF-8711-B1E20DB4843C}.Debug|Any CPU.ActiveCfg = Debug|Any CPU
		{6344B5BE-90D1-4CEF-8711-B1E20DB4843C}.Debug|Any CPU.Build.0 = Debug|Any CPU
		{6344B5BE-90D1-4CEF-8711-B1E20DB4843C}.Release|Any CPU.ActiveCfg = Release|Any CPU
		{6344B5BE-90D1-4CEF-8711-B1E20DB4843C}.Release|Any CPU.Build.0 = Release|Any CPU
	EndGlobalSection
EndGlobal
